<Solution>
  <Project Path="Mirror.csproj" />
  <Project Path="Mirror.Components.csproj" />
  <Project Path="Michsky.UI.Reach.Core.csproj" />
  <Project Path="Mirror.Editor.csproj" />
  <Project Path="Assembly-CSharp.csproj" />
  <Project Path="Embers.csproj" />
  <Project Path="kcp2k.csproj" />
  <Project Path="Embers.Editor.csproj" />
  <Project Path="Unity.Mirror.CodeGen.csproj" />
  <Project Path="Mirror.Transports.csproj" />
  <Project Path="Polyperfect.Universal.csproj" />
  <Project Path="Embers.Enum.csproj" />
  <Project Path="Embers.Components.csproj" />
  <Project Path="Michsky.UI.Reach.Editor.csproj" />
  <Project Path="Mirror.CompilerSymbols.csproj" />
  <Project Path="Mirror.Authenticators.csproj" />
</Solution>
